# THIS IS AN AUTOGENERATED FILE. DO NOT EDIT THIS FILE DIRECTLY.
# yarn lockfile v1


pegjs@^0.11.0-master.b7b87ea:
  version "0.11.0-master.b7b87ea"
  resolved "https://registry.yarnpkg.com/pegjs/-/pegjs-0.11.0-master.b7b87ea.tgz#dc41190696bc33c8a09210a0bf91e683d4f1d6dc"
  integrity sha512-fwjzNiYHRUEUe/86Aaslb/ocbbsAupOcsJz+dlPYtgp3feCDRQOLChHO924XGh7fzSJBTdFCQTzmSOQaWjCTew==
